# This file is automatically @generated by Cargo.
# It is not intended for manual editing.
version = 4

[[package]]
name = "genos-ownership-model"
version = "0.1.0"
dependencies = [
 "genos_abi",
 "kernel",
]

[[package]]
name = "genos_abi"
version = "0.1.0"

[[package]]
name = "kernel"
version = "0.1.0"
dependencies = [
 "genos_abi",
]
